
Microsoft Visual Studio Solution File, Format Version 12.00
# Visual Studio Version 16
VisualStudioVersion = 16.0.29905.134
MinimumVisualStudioVersion = 10.0.40219.1
Project("{9A19103F-16F7-4668-BE54-9A1E7A4F7556}") = "Eszef.API", "Eszef.API.csproj", "{FF2BB604-ACF8-411C-B52B-3F9AB6E85B61}"
EndProject
Global
	GlobalSection(SolutionConfigurationPlatforms) = preSolution
		Debug|Any CPU = Debug|Any CPU
		Release|Any CPU = Release|Any CPU
	EndGlobalSection
	GlobalSection(ProjectConfigurationPlatforms) = postSolution
		{FF2BB604-ACF8-411C-B52B-3F9AB6E85B61}.Debug|Any CPU.ActiveCfg = Debug|Any CPU
		{FF2BB604-ACF8-411C-B52B-3F9AB6E85B61}.Debug|Any CPU.Build.0 = Debug|Any CPU
		{FF2BB604-ACF8-411C-B52B-3F9AB6E85B61}.Release|Any CPU.ActiveCfg = Release|Any CPU
		{FF2BB604-ACF8-411C-B52B-3F9AB6E85B61}.Release|Any CPU.Build.0 = Release|Any CPU
	EndGlobalSection
	GlobalSection(SolutionProperties) = preSolution
		HideSolutionNode = FALSE
	EndGlobalSection
	GlobalSection(ExtensibilityGlobals) = postSolution
		SolutionGuid = {F58356B3-60B4-480F-9926-8D9A3DEFE6D3}
	EndGlobalSection
EndGlobal
